
Microsoft Visual Studio Solution File, Format Version 12.00
# Visual Studio Version 16
VisualStudioVersion = 16.0.29806.167
MinimumVisualStudioVersion = 10.0.40219.1
Project("{9A19103F-16F7-4668-BE54-9A1E7A4F7556}") = "SLDeploye", "SLDeploye.csproj", "{24BE7D74-DDC6-44CE-930B-5CC8E52C7F92}"
EndProject
Project("{2150E333-8FDC-42A3-9474-1A3956D46DE8}") = "Solution Items", "Solution Items", "{92BA034A-1D48-4384-917B-38925D4C078C}"
	ProjectSection(SolutionItems) = preProject
		Class1.cs = Class1.cs
		DB.cs = DB.cs
		DeployeSetting.cs = DeployeSetting.cs
	EndProjectSection
EndProject
Global
	GlobalSection(SolutionConfigurationPlatforms) = preSolution
		Debug|Any CPU = Debug|Any CPU
		Release|Any CPU = Release|Any CPU
	EndGlobalSection
	GlobalSection(ProjectConfigurationPlatforms) = postSolution
		{24BE7D74-DDC6-44CE-930B-5CC8E52C7F92}.Debug|Any CPU.ActiveCfg = Debug|Any CPU
		{24BE7D74-DDC6-44CE-930B-5CC8E52C7F92}.Debug|Any CPU.Build.0 = Debug|Any CPU
		{24BE7D74-DDC6-44CE-930B-5CC8E52C7F92}.Release|Any CPU.ActiveCfg = Release|Any CPU
		{24BE7D74-DDC6-44CE-930B-5CC8E52C7F92}.Release|Any CPU.Build.0 = Release|Any CPU
	EndGlobalSection
	GlobalSection(SolutionProperties) = preSolution
		HideSolutionNode = FALSE
	EndGlobalSection
	GlobalSection(ExtensibilityGlobals) = postSolution
		SolutionGuid = {4BA843CA-946A-486B-83B8-36BDC119B2D3}
	EndGlobalSection
EndGlobal
